
Microsoft Visual Studio Solution File, Format Version 12.00
# Visual Studio Version 16
VisualStudioVersion = 16.0.28803.452
MinimumVisualStudioVersion = 10.0.40219.1
Project("{FAE04EC0-301F-11D3-BF4B-00C04F79EFBC}") = "Forum", "Forum\Forum.csproj", "{D244D274-1408-4811-89F2-4BBF6F8B8E27}"
EndProject
Global
	GlobalSection(SolutionConfigurationPlatforms) = preSolution
		Debug|Any CPU = Debug|Any CPU
		Release|Any CPU = Release|Any CPU
	EndGlobalSection
	GlobalSection(ProjectConfigurationPlatforms) = postSolution
		{D244D274-1408-4811-89F2-4BBF6F8B8E27}.Debug|Any CPU.ActiveCfg = Debug|Any CPU
		{D244D274-1408-4811-89F2-4BBF6F8B8E27}.Debug|Any CPU.Build.0 = Debug|Any CPU
		{D244D274-1408-4811-89F2-4BBF6F8B8E27}.Release|Any CPU.ActiveCfg = Release|Any CPU
		{D244D274-1408-4811-89F2-4BBF6F8B8E27}.Release|Any CPU.Build.0 = Release|Any CPU
	EndGlobalSection
	GlobalSection(SolutionProperties) = preSolution
		HideSolutionNode = FALSE
	EndGlobalSection
	GlobalSection(ExtensibilityGlobals) = postSolution
		SolutionGuid = {936C543A-3A89-4AE6-A3D3-C919A3F8899B}
	EndGlobalSection
EndGlobal
